
Microsoft Visual Studio Solution File, Format Version 12.00
# Visual Studio Version 17
VisualStudioVersion = 17.11.35303.130
MinimumVisualStudioVersion = 10.0.40219.1
Project("{9A19103F-16F7-4668-BE54-9A1E7A4F7556}") = "ChinaProvinceCityArea", "ChinaProvinceCityArea\ChinaProvinceCityArea.csproj", "{74BC589A-1290-475C-A8B2-1DBFF266578B}"
EndProject
Project("{9A19103F-16F7-4668-BE54-9A1E7A4F7556}") = "ChinaProvinceCityArea.Migrator", "ChinaProvinceCityArea.Migrator\ChinaProvinceCityArea.Migrator.csproj", "{DDCBF18F-96A2-46DF-8188-75C1D9D23F98}"
EndProject
Project("{FAE04EC0-301F-11D3-BF4B-00C04F79EFBC}") = "ChinaProvinceCityArea.Test", "ChinaProvinceCityArea.Test\ChinaProvinceCityArea.Test.csproj", "{29C32B72-46A2-4A82-B947-28BE5AE2A6DC}"
EndProject
Global
	GlobalSection(SolutionConfigurationPlatforms) = preSolution
		Debug|Any CPU = Debug|Any CPU
		Release|Any CPU = Release|Any CPU
	EndGlobalSection
	GlobalSection(ProjectConfigurationPlatforms) = postSolution
		{74BC589A-1290-475C-A8B2-1DBFF266578B}.Debug|Any CPU.ActiveCfg = Debug|Any CPU
		{74BC589A-1290-475C-A8B2-1DBFF266578B}.Debug|Any CPU.Build.0 = Debug|Any CPU
		{74BC589A-1290-475C-A8B2-1DBFF266578B}.Release|Any CPU.ActiveCfg = Release|Any CPU
		{74BC589A-1290-475C-A8B2-1DBFF266578B}.Release|Any CPU.Build.0 = Release|Any CPU
		{DDCBF18F-96A2-46DF-8188-75C1D9D23F98}.Debug|Any CPU.ActiveCfg = Debug|Any CPU
		{DDCBF18F-96A2-46DF-8188-75C1D9D23F98}.Debug|Any CPU.Build.0 = Debug|Any CPU
		{DDCBF18F-96A2-46DF-8188-75C1D9D23F98}.Release|Any CPU.ActiveCfg = Release|Any CPU
		{DDCBF18F-96A2-46DF-8188-75C1D9D23F98}.Release|Any CPU.Build.0 = Release|Any CPU
		{29C32B72-46A2-4A82-B947-28BE5AE2A6DC}.Debug|Any CPU.ActiveCfg = Debug|Any CPU
		{29C32B72-46A2-4A82-B947-28BE5AE2A6DC}.Debug|Any CPU.Build.0 = Debug|Any CPU
		{29C32B72-46A2-4A82-B947-28BE5AE2A6DC}.Release|Any CPU.ActiveCfg = Release|Any CPU
		{29C32B72-46A2-4A82-B947-28BE5AE2A6DC}.Release|Any CPU.Build.0 = Release|Any CPU
	EndGlobalSection
	GlobalSection(SolutionProperties) = preSolution
		HideSolutionNode = FALSE
	EndGlobalSection
	GlobalSection(ExtensibilityGlobals) = postSolution
		SolutionGuid = {730DEC81-0988-480C-93C0-A640073AA9FB}
	EndGlobalSection
EndGlobal
