{
  "name": "china-area-migration",
  "version": "0.0.0",
  "lockfileVersion": 3,
  "requires": true,
  "packages": {
    "": {
      "name": "china-area-migration",
      "version": "0.0.0",
      "license": "MIT",
      "dependencies": {
        "@province-city-china/area": "^8.5.8",
        "@province-city-china/city": "^8.5.8",
        "@province-city-china/province": "^8.5.8"
      }
    },
    "node_modules/@province-city-china/area": {
      "version": "8.5.8",
      "resolved": "https://registry.npmjs.org/@province-city-china/area/-/area-8.5.8.tgz",
      "integrity": "sha512-bdjiu+FwMXaRDzRdGE8fz5LCE6Uj9Hl1RaBdsYpCzpRH+P0jfpaiBpU9MSdhFEiL2xVSljuEl9L6M7bVIXI33Q==",
      "license": "MIT",
      "dependencies": {
        "@province-city-china/types": "8.5.8"
      }
    },
    "node_modules/@province-city-china/city": {
      "version": "8.5.8",
      "resolved": "https://registry.npmjs.org/@province-city-china/city/-/city-8.5.8.tgz",
      "integrity": "sha512-JTRzVY7X+O1SsqwLolbarTiaS8ms8I2HEHZ6QylzNZIyZhFZ9aP0Bd5lOpNkw2uO8utQLFoaM5B+FySmOE/yeQ==",
      "license": "MIT",
      "dependencies": {
        "@province-city-china/types": "8.5.8"
      }
    },
    "node_modules/@province-city-china/province": {
      "version": "8.5.8",
      "resolved": "https://registry.npmjs.org/@province-city-china/province/-/province-8.5.8.tgz",
      "integrity": "sha512-zIcXS0qYP+0e4qCZurqzRIfvm+rVmiZIBWQTzNBKetshuzaJws81J0OIz4tXTO71nCD9/9Qc+R79Ck6e1M9c6g==",
      "license": "MIT",
      "dependencies": {
        "@province-city-china/types": "8.5.8"
      }
    },
    "node_modules/@province-city-china/types": {
      "version": "8.5.8",
      "resolved": "https://registry.npmjs.org/@province-city-china/types/-/types-8.5.8.tgz",
      "integrity": "sha512-KZ3NyM8HsaBVcn5BRhWaOeZRhqEvm18PfB6HfRDuZfwwWhJLoTxB81mTENrBlONr2g8fy/fSbjsh44gvOj+/Lw==",
      "license": "MIT"
    }
  }
}
